
Microsoft Visual Studio Solution File, Format Version 12.00
# Visual Studio Version 17
VisualStudioVersion = 17.12.35527.113 d17.12
MinimumVisualStudioVersion = 10.0.40219.1
Project("{FAE04EC0-301F-11D3-BF4B-00C04F79EFBC}") = "ex03", "ex03\ex03.csproj", "{56950D9D-A248-4680-86B0-548F262A3D22}"
EndProject
Global
	GlobalSection(SolutionConfigurationPlatforms) = preSolution
		Debug|Any CPU = Debug|Any CPU
		Release|Any CPU = Release|Any CPU
	EndGlobalSection
	GlobalSection(ProjectConfigurationPlatforms) = postSolution
		{56950D9D-A248-4680-86B0-548F262A3D22}.Debug|Any CPU.ActiveCfg = Debug|Any CPU
		{56950D9D-A248-4680-86B0-548F262A3D22}.Debug|Any CPU.Build.0 = Debug|Any CPU
		{56950D9D-A248-4680-86B0-548F262A3D22}.Release|Any CPU.ActiveCfg = Release|Any CPU
		{56950D9D-A248-4680-86B0-548F262A3D22}.Release|Any CPU.Build.0 = Release|Any CPU
	EndGlobalSection
	GlobalSection(SolutionProperties) = preSolution
		HideSolutionNode = FALSE
	EndGlobalSection
EndGlobal
